# This file is automatically @generated by Cargo.
# It is not intended for manual editing.
version = 3

[[package]]
name = "columnar-adbc"
version = "0.1.0"

[[package]]
name = "columnar-arrow"
version = "0.1.0"

[[package]]
name = "columnar-cli"
version = "0.1.0"

[[package]]
name = "columnar-dfusion"
version = "0.1.0"

[[package]]
name = "columnar-flight"
version = "0.1.0"

[[package]]
name = "columnar-format"
version = "0.1.0"

[[package]]
name = "columnar-mmap"
version = "0.1.0"
